
Microsoft Visual Studio Solution File, Format Version 12.00
# Visual Studio Version 16
VisualStudioVersion = 16.0.31515.178
MinimumVisualStudioVersion = 10.0.40219.1
Project("{888888A0-9F3D-457C-B088-3A5042F75D52}") = "Week4Lab1 (Movie Guide)", "Week4Lab1 (Movie Guide).pyproj", "{F11B5997-54CA-40B5-9B9D-9C2B8442EA94}"
EndProject
Global
	GlobalSection(SolutionConfigurationPlatforms) = preSolution
		Debug|Any CPU = Debug|Any CPU
		Release|Any CPU = Release|Any CPU
	EndGlobalSection
	GlobalSection(ProjectConfigurationPlatforms) = postSolution
		{F11B5997-54CA-40B5-9B9D-9C2B8442EA94}.Debug|Any CPU.ActiveCfg = Debug|Any CPU
		{F11B5997-54CA-40B5-9B9D-9C2B8442EA94}.Release|Any CPU.ActiveCfg = Release|Any CPU
	EndGlobalSection
	GlobalSection(SolutionProperties) = preSolution
		HideSolutionNode = FALSE
	EndGlobalSection
	GlobalSection(ExtensibilityGlobals) = postSolution
		SolutionGuid = {3264CF2F-BD31-4C33-A4D9-DBB6954A878D}
	EndGlobalSection
EndGlobal
